
Microsoft Visual Studio Solution File, Format Version 12.00
# Visual Studio Version 17
VisualStudioVersion = 17.14.36518.9 d17.14
MinimumVisualStudioVersion = 10.0.40219.1
Project("{FAE04EC0-301F-11D3-BF4B-00C04F79EFBC}") = "games", "games\games.csproj", "{305A8AAA-BBC7-441D-861D-08E8067A1CD4}"
EndProject
Global
	GlobalSection(SolutionConfigurationPlatforms) = preSolution
		Debug|Any CPU = Debug|Any CPU
		Release|Any CPU = Release|Any CPU
	EndGlobalSection
	GlobalSection(ProjectConfigurationPlatforms) = postSolution
		{305A8AAA-BBC7-441D-861D-08E8067A1CD4}.Debug|Any CPU.ActiveCfg = Debug|Any CPU
		{305A8AAA-BBC7-441D-861D-08E8067A1CD4}.Debug|Any CPU.Build.0 = Debug|Any CPU
		{305A8AAA-BBC7-441D-861D-08E8067A1CD4}.Release|Any CPU.ActiveCfg = Release|Any CPU
		{305A8AAA-BBC7-441D-861D-08E8067A1CD4}.Release|Any CPU.Build.0 = Release|Any CPU
	EndGlobalSection
	GlobalSection(SolutionProperties) = preSolution
		HideSolutionNode = FALSE
	EndGlobalSection
	GlobalSection(ExtensibilityGlobals) = postSolution
		SolutionGuid = {585CB858-4DD6-41E5-ADE8-04B7C10C48FD}
	EndGlobalSection
EndGlobal
